
Microsoft Visual Studio Solution File, Format Version 12.00
# Visual Studio Version 16
VisualStudioVersion = 16.0.29519.181
MinimumVisualStudioVersion = 10.0.40219.1
Project("{FAE04EC0-301F-11D3-BF4B-00C04F79EFBC}") = "ExtensionMethods", "ExtensionMethods\ExtensionMethods.csproj", "{F9BB330C-7EDC-4234-91B6-7AB08D57F622}"
EndProject
Global
	GlobalSection(SolutionConfigurationPlatforms) = preSolution
		Debug|Any CPU = Debug|Any CPU
		Release|Any CPU = Release|Any CPU
	EndGlobalSection
	GlobalSection(ProjectConfigurationPlatforms) = postSolution
		{F9BB330C-7EDC-4234-91B6-7AB08D57F622}.Debug|Any CPU.ActiveCfg = Debug|Any CPU
		{F9BB330C-7EDC-4234-91B6-7AB08D57F622}.Debug|Any CPU.Build.0 = Debug|Any CPU
		{F9BB330C-7EDC-4234-91B6-7AB08D57F622}.Release|Any CPU.ActiveCfg = Release|Any CPU
		{F9BB330C-7EDC-4234-91B6-7AB08D57F622}.Release|Any CPU.Build.0 = Release|Any CPU
	EndGlobalSection
	GlobalSection(SolutionProperties) = preSolution
		HideSolutionNode = FALSE
	EndGlobalSection
	GlobalSection(ExtensibilityGlobals) = postSolution
		SolutionGuid = {8852C67A-F44C-4DBA-9B89-7CCDFF04391C}
	EndGlobalSection
EndGlobal
